github.com/golang-jwt/jwt/v5 v5.3.1 h1:kYf81DTWFe7t+1VvL7eS+jKFVWaUnK9cB1qbwn63YCY=
github.com/golang-jwt/jwt/v5 v5.3.1/go.mod h1:fxCRLWMO43lRc8nhHWY6LGqRcf+1gQWArsqaEUEa5bE=
github.com/johnhealio/errordetail v1.0.0 h1:B95UXR31zddRLT/4Dq2+j/2+qBc2sA61Nr01EpREK+A=
github.com/johnhealio/errordetail v1.0.0/go.mod h1:UB1rSm1Ttx0PxLo6+u2LjnKYbAYk9mooO92+PKPdH4k=
